<?xml version="1.0" encoding="utf-8"?>
<Project ToolsVersion="4.0" xmlns="http://schemas.microsoft.com/developer/msbuild/2003">
  <ItemGroup>
    <Filter Include="소스 파일">
      <UniqueIdentifier>{4FC737F1-C7A5-4376-A066-2A32D752A2FF}</UniqueIdentifier>
      <Extensions>cpp;c;cc;cxx;c++;cppm;ixx;def;odl;idl;hpj;bat;asm;asmx</Extensions>
    </Filter>
    <Filter Include="리소스 파일">
      <UniqueIdentifier>{67DA6AB6-F800-4c08-8B7A-83BB121AAD01}</UniqueIdentifier>
      <Extensions>rc;ico;cur;bmp;dlg;rc2;rct;bin;rgs;gif;jpg;jpeg;jpe;resx;tiff;tif;png;wav;mfcribbon-ms</Extensions>
    </Filter>
    <Filter Include="2D FrameWork">
      <UniqueIdentifier>{974975f0-b657-44b7-89e0-22f01058eb84}</UniqueIdentifier>
    </Filter>
    <Filter Include="2D FrameWork\Utility">
      <UniqueIdentifier>{9ffbf6eb-e649-481b-976d-d017567db5f0}</UniqueIdentifier>
    </Filter>
    <Filter Include="2D FrameWork\Utility\Math">
      <UniqueIdentifier>{41a9d83b-a8f7-4e40-972e-75af2b2d309f}</UniqueIdentifier>
    </Filter>
    <Filter Include="2D FrameWork\PCH">
      <UniqueIdentifier>{f6878413-2726-4220-820b-b0c0004421eb}</UniqueIdentifier>
    </Filter>
    <Filter Include="2D FrameWork\GameCore">
      <UniqueIdentifier>{407fb2a7-af46-4ca9-891d-b9f090fd9a01}</UniqueIdentifier>
    </Filter>
    <Filter Include="ManagerClass">
      <UniqueIdentifier>{23830054-0754-4c03-b63a-c549cad5b0dd}</UniqueIdentifier>
    </Filter>
    <Filter Include="2D FrameWork\FrameworkManager">
      <UniqueIdentifier>{62743425-8dce-43b4-8e97-598432fc8e21}</UniqueIdentifier>
    </Filter>
    <Filter Include="2D FrameWork\DesignPattern">
      <UniqueIdentifier>{1c318ec5-0a6c-4c90-bf55-29b46a15fba8}</UniqueIdentifier>
    </Filter>
    <Filter Include="2D FrameWork\DesignPattern\Singleton">
      <UniqueIdentifier>{5b653dba-f98c-44d2-9894-cbf17b8f0119}</UniqueIdentifier>
    </Filter>
    <Filter Include="과제">
      <UniqueIdentifier>{68c4303e-0119-4254-ae1a-4805000fb080}</UniqueIdentifier>
    </Filter>
    <Filter Include="헤더 파일">
      <UniqueIdentifier>{93995380-89BD-4b04-88EB-625FBE52EBFB}</UniqueIdentifier>
      <Extensions>h;hh;hpp;hxx;h++;hm;inl;inc;ipp;xsd</Extensions>
    </Filter>
    <Filter Include="과제\카드 짝 맞추기">
      <UniqueIdentifier>{56056ade-4035-42ca-93f1-b329d2ff7789}</UniqueIdentifier>
    </Filter>
    <Filter Include="과제\두더지 게임">
      <UniqueIdentifier>{60835c76-e4da-43af-9a56-29696d08af4c}</UniqueIdentifier>
    </Filter>
    <Filter Include="과제\클레이 사격">
      <UniqueIdentifier>{6b31adb3-9f7d-40f9-a44b-b8e0a77932e0}</UniqueIdentifier>
    </Filter>
    <Filter Include="과제\똥피하기">
      <UniqueIdentifier>{04b8f920-2b58-48e8-a60a-1a8b8135a870}</UniqueIdentifier>
    </Filter>
    <Filter Include="과제\악어이빨 게임">
      <UniqueIdentifier>{649133dc-f0e8-481a-99f7-130f5bc650a7}</UniqueIdentifier>
    </Filter>
    <Filter Include="과제\총알 발사">
      <UniqueIdentifier>{cdd11772-d980-47c9-8162-da37b1230857}</UniqueIdentifier>
    </Filter>
    <Filter Include="과제\종스크롤 슈팅 게임">
      <UniqueIdentifier>{5aefe665-f885-4278-9fbc-ee75c1df7481}</UniqueIdentifier>
    </Filter>
    <Filter Include="과제\1 vs 1 횡스크롤 슈팅 게임">
      <UniqueIdentifier>{f3e1d352-7ec5-4def-ac33-925938fcf164}</UniqueIdentifier>
    </Filter>
    <Filter Include="과제\틀린그림찾기">
      <UniqueIdentifier>{55f40460-6f08-44a8-ba6a-ffdef4432568}</UniqueIdentifier>
    </Filter>
    <Filter Include="과제\아날로그시계">
      <UniqueIdentifier>{a8fa2dc8-c3ad-43c1-b153-9929c7912393}</UniqueIdentifier>
    </Filter>
    <Filter Include="과제\대포알 발사">
      <UniqueIdentifier>{af93a6f4-8f22-4d4e-91f0-f52cadea9862}</UniqueIdentifier>
    </Filter>
    <Filter Include="과제\도형 회전">
      <UniqueIdentifier>{e42ea68f-3562-43c7-9bd2-e98d79750d27}</UniqueIdentifier>
    </Filter>
    <Filter Include="2D FrameWork\TrigonoMetric Function">
      <UniqueIdentifier>{229fbe41-5323-4d1a-964b-312d18882788}</UniqueIdentifier>
    </Filter>
    <Filter Include="2D FrameWork\GImage">
      <UniqueIdentifier>{ab24e9d2-7fce-4095-893a-2cc28b2c2434}</UniqueIdentifier>
    </Filter>
    <Filter Include="과제\슬라이스 게임">
      <UniqueIdentifier>{e2d30168-e7c6-40b2-a6df-99d909c96de9}</UniqueIdentifier>
    </Filter>
    <Filter Include="과제\미니맵 만들기">
      <UniqueIdentifier>{32990904-caa1-4e1e-a9f0-020517264a7b}</UniqueIdentifier>
    </Filter>
    <Filter Include="과제\지렁이 게임">
      <UniqueIdentifier>{9fc095d0-15d2-4b0b-8466-5d9caf28cfb8}</UniqueIdentifier>
    </Filter>
    <Filter Include="과제\제로 콤보">
      <UniqueIdentifier>{3481255f-8b1e-4d46-a1f8-9eabc95d13ff}</UniqueIdentifier>
    </Filter>
    <Filter Include="과제\프레임 이미지 처리">
      <UniqueIdentifier>{f1d52c7b-84cb-41de-8dbe-708b2b935da9}</UniqueIdentifier>
    </Filter>
    <Filter Include="과제\캐릭터 벽잡기">
      <UniqueIdentifier>{f1ded792-482c-4a14-a514-45db856eabff}</UniqueIdentifier>
    </Filter>
  </ItemGroup>
  <ItemGroup>
    <ClCompile Include="C3DVector.cpp">
      <Filter>2D FrameWork\Utility\Math</Filter>
    </ClCompile>
    <ClCompile Include="C3DMatrix.cpp">
      <Filter>2D FrameWork\Utility\Math</Filter>
    </ClCompile>
    <ClCompile Include="WinMain.cpp">
      <Filter>2D FrameWork</Filter>
    </ClCompile>
    <ClCompile Include="소스.cpp">
      <Filter>2D FrameWork</Filter>
    </ClCompile>
    <ClCompile Include="과제 1.cpp">
      <Filter>과제</Filter>
    </ClCompile>
    <ClCompile Include="과제 2.cpp">
      <Filter>과제</Filter>
    </ClCompile>
    <ClCompile Include="과제 2-1.cpp">
      <Filter>과제</Filter>
    </ClCompile>
    <ClCompile Include="과제 2-2.cpp">
      <Filter>과제</Filter>
    </ClCompile>
    <ClCompile Include="과제 2-3.cpp">
      <Filter>과제</Filter>
    </ClCompile>
    <ClCompile Include="과제 2-4.cpp">
      <Filter>과제</Filter>
    </ClCompile>
    <ClCompile Include="Stdafx.cpp">
      <Filter>2D FrameWork\PCH</Filter>
    </ClCompile>
    <ClCompile Include="과제 3-1.cpp">
      <Filter>과제</Filter>
    </ClCompile>
    <ClCompile Include="과제 4-1.cpp">
      <Filter>과제</Filter>
    </ClCompile>
    <ClCompile Include="과제 4-2.cpp">
      <Filter>과제</Filter>
    </ClCompile>
    <ClCompile Include="과제 4-3.cpp">
      <Filter>과제</Filter>
    </ClCompile>
    <ClCompile Include="MainTemplate.cpp">
      <Filter>소스 파일</Filter>
    </ClCompile>
    <ClCompile Include="과제 5-1.cpp">
      <Filter>과제</Filter>
    </ClCompile>
    <ClCompile Include="과제 5-2.cpp">
      <Filter>과제</Filter>
    </ClCompile>
    <ClCompile Include="과제 5-3.cpp">
      <Filter>과제</Filter>
    </ClCompile>
    <ClCompile Include="GameNode.cpp">
      <Filter>2D FrameWork\GameCore</Filter>
    </ClCompile>
    <ClCompile Include="IWindowsMessageHandler.cpp">
      <Filter>2D FrameWork\Utility</Filter>
    </ClCompile>
    <ClCompile Include="MainGame.cpp">
      <Filter>ManagerClass</Filter>
    </ClCompile>
    <ClCompile Include="Card.cpp">
      <Filter>과제\카드 짝 맞추기</Filter>
    </ClCompile>
    <ClCompile Include="FindCardPair.cpp">
      <Filter>과제\카드 짝 맞추기</Filter>
    </ClCompile>
    <ClCompile Include="KeyManager.cpp">
      <Filter>ManagerClass</Filter>
    </ClCompile>
    <ClCompile Include="MoleGame.cpp">
      <Filter>과제\두더지 게임</Filter>
    </ClCompile>
    <ClCompile Include="ClayShooting.cpp">
      <Filter>과제\클레이 사격</Filter>
    </ClCompile>
    <ClCompile Include="Clay.cpp">
      <Filter>과제\클레이 사격</Filter>
    </ClCompile>
    <ClCompile Include="Mole.cpp">
      <Filter>과제\두더지 게임</Filter>
    </ClCompile>
    <ClCompile Include="Example_Mole.cpp">
      <Filter>소스 파일</Filter>
    </ClCompile>
    <ClCompile Include="ShootBullet.cpp">
      <Filter>과제\총알 발사</Filter>
    </ClCompile>
    <ClCompile Include="SB_Player.cpp">
      <Filter>과제\총알 발사</Filter>
    </ClCompile>
    <ClCompile Include="SB_Bullet.cpp">
      <Filter>과제\총알 발사</Filter>
    </ClCompile>
    <ClCompile Include="AvoidPoop.cpp">
      <Filter>과제\똥피하기</Filter>
    </ClCompile>
    <ClCompile Include="AP_Player.cpp">
      <Filter>과제\똥피하기</Filter>
    </ClCompile>
    <ClCompile Include="CrocodileTeeth.cpp">
      <Filter>과제\악어이빨 게임</Filter>
    </ClCompile>
    <ClCompile Include="0615.cpp">
      <Filter>과제</Filter>
    </ClCompile>
    <ClCompile Include="AP_Poop.cpp">
      <Filter>과제\똥피하기</Filter>
    </ClCompile>
    <ClCompile Include="CT_Teeth.cpp">
      <Filter>과제\악어이빨 게임</Filter>
    </ClCompile>
    <ClCompile Include="Example_MoleMainGame.cpp">
      <Filter>소스 파일</Filter>
    </ClCompile>
    <ClCompile Include="VerticalShooting.cpp">
      <Filter>과제\종스크롤 슈팅 게임</Filter>
    </ClCompile>
    <ClCompile Include="HorizontalShooting.cpp">
      <Filter>과제\1 vs 1 횡스크롤 슈팅 게임</Filter>
    </ClCompile>
    <ClCompile Include="HS_Bullet.cpp">
      <Filter>과제\1 vs 1 횡스크롤 슈팅 게임</Filter>
    </ClCompile>
    <ClCompile Include="HS_Player.cpp">
      <Filter>과제\1 vs 1 횡스크롤 슈팅 게임</Filter>
    </ClCompile>
    <ClCompile Include="HS_Player1.cpp">
      <Filter>과제\1 vs 1 횡스크롤 슈팅 게임</Filter>
    </ClCompile>
    <ClCompile Include="HS_Player2.cpp">
      <Filter>과제\1 vs 1 횡스크롤 슈팅 게임</Filter>
    </ClCompile>
    <ClCompile Include="FindWrongPaint.cpp">
      <Filter>과제\틀린그림찾기</Filter>
    </ClCompile>
    <ClCompile Include="FWP_Paint.cpp">
      <Filter>과제\틀린그림찾기</Filter>
    </ClCompile>
    <ClCompile Include="AnalogClock.cpp">
      <Filter>과제\아날로그시계</Filter>
    </ClCompile>
    <ClCompile Include="CannonShoot.cpp">
      <Filter>과제\대포알 발사</Filter>
    </ClCompile>
    <ClCompile Include="CS_Shell.cpp">
      <Filter>과제\대포알 발사</Filter>
    </ClCompile>
    <ClCompile Include="CS_Cannon.cpp">
      <Filter>과제\대포알 발사</Filter>
    </ClCompile>
    <ClCompile Include="RotateFigure.cpp">
      <Filter>과제\도형 회전</Filter>
    </ClCompile>
    <ClCompile Include="GImage.cpp">
      <Filter>2D FrameWork\GImage</Filter>
    </ClCompile>
    <ClCompile Include="SliceGame.cpp">
      <Filter>과제\슬라이스 게임</Filter>
    </ClCompile>
    <ClCompile Include="SG_Tile.cpp">
      <Filter>과제\슬라이스 게임</Filter>
    </ClCompile>
    <ClCompile Include="MakeMinimap.cpp">
      <Filter>과제\미니맵 만들기</Filter>
    </ClCompile>
    <ClCompile Include="EarthWormGame.cpp">
      <Filter>과제\지렁이 게임</Filter>
    </ClCompile>
    <ClCompile Include="EWG_EarthWorm.cpp">
      <Filter>과제\지렁이 게임</Filter>
    </ClCompile>
    <ClCompile Include="ZeroCombo.cpp">
      <Filter>과제\제로 콤보</Filter>
    </ClCompile>
    <ClCompile Include="FrameImage.cpp">
      <Filter>과제\프레임 이미지 처리</Filter>
    </ClCompile>
    <ClCompile Include="ImageManager.cpp">
      <Filter>ManagerClass</Filter>
    </ClCompile>
    <ClCompile Include="Penitent.cpp">
      <Filter>과제\캐릭터 벽잡기</Filter>
    </ClCompile>
    <ClCompile Include="CTW_BackGround.cpp">
      <Filter>과제\캐릭터 벽잡기</Filter>
    </ClCompile>
    <ClCompile Include="CTW_Scene.cpp">
      <Filter>과제\캐릭터 벽잡기</Filter>
    </ClCompile>
  </ItemGroup>
  <ItemGroup>
    <ClInclude Include="resource1.h">
      <Filter>헤더 파일</Filter>
    </ClInclude>
    <ClInclude Include="Stdafx.h">
      <Filter>2D FrameWork\PCH</Filter>
    </ClInclude>
    <ClInclude Include="C3DMatrix.h">
      <Filter>2D FrameWork\Utility\Math</Filter>
    </ClInclude>
    <ClInclude Include="C3DVector.h">
      <Filter>2D FrameWork\Utility\Math</Filter>
    </ClInclude>
    <ClInclude Include="CommonMacroFunction.h">
      <Filter>2D FrameWork\Utility</Filter>
    </ClInclude>
    <ClInclude Include="SingletonBase.h">
      <Filter>2D FrameWork\DesignPattern\Singleton</Filter>
    </ClInclude>
    <ClInclude Include="RandomFunction.h">
      <Filter>2D FrameWork\Utility</Filter>
    </ClInclude>
    <ClInclude Include="GameNode.h">
      <Filter>2D FrameWork\GameCore</Filter>
    </ClInclude>
    <ClInclude Include="IWindowsMessageHandler.h">
      <Filter>2D FrameWork\Utility</Filter>
    </ClInclude>
    <ClInclude Include="MainGame.h">
      <Filter>ManagerClass</Filter>
    </ClInclude>
    <ClInclude Include="FindCardPair.h">
      <Filter>과제\카드 짝 맞추기</Filter>
    </ClInclude>
    <ClInclude Include="KeyManager.h">
      <Filter>ManagerClass</Filter>
    </ClInclude>
    <ClInclude Include="MoleGame.h">
      <Filter>과제\두더지 게임</Filter>
    </ClInclude>
    <ClInclude Include="ClayShooting.h">
      <Filter>과제\클레이 사격</Filter>
    </ClInclude>
    <ClInclude Include="Clay.h">
      <Filter>과제\클레이 사격</Filter>
    </ClInclude>
    <ClInclude Include="Mole.h">
      <Filter>과제\두더지 게임</Filter>
    </ClInclude>
    <ClInclude Include="Example_Mole.h">
      <Filter>헤더 파일</Filter>
    </ClInclude>
    <ClInclude Include="ShootBullet.h">
      <Filter>과제\총알 발사</Filter>
    </ClInclude>
    <ClInclude Include="SB_Player.h">
      <Filter>과제\총알 발사</Filter>
    </ClInclude>
    <ClInclude Include="SB_Bullet.h">
      <Filter>과제\총알 발사</Filter>
    </ClInclude>
    <ClInclude Include="AvoidPoop.h">
      <Filter>과제\똥피하기</Filter>
    </ClInclude>
    <ClInclude Include="Card.h">
      <Filter>과제\카드 짝 맞추기</Filter>
    </ClInclude>
    <ClInclude Include="AP_Player.h">
      <Filter>과제\똥피하기</Filter>
    </ClInclude>
    <ClInclude Include="CrocodileTeeth.h">
      <Filter>과제\악어이빨 게임</Filter>
    </ClInclude>
    <ClInclude Include="AP_Poop.h">
      <Filter>과제\똥피하기</Filter>
    </ClInclude>
    <ClInclude Include="CT_Teeth.h">
      <Filter>과제\악어이빨 게임</Filter>
    </ClInclude>
    <ClInclude Include="Example_MoleMainGame.h">
      <Filter>헤더 파일</Filter>
    </ClInclude>
    <ClInclude Include="VerticalShooting.h">
      <Filter>과제\종스크롤 슈팅 게임</Filter>
    </ClInclude>
    <ClInclude Include="HorizontalShooting.h">
      <Filter>과제\1 vs 1 횡스크롤 슈팅 게임</Filter>
    </ClInclude>
    <ClInclude Include="HS_Bullet.h">
      <Filter>과제\1 vs 1 횡스크롤 슈팅 게임</Filter>
    </ClInclude>
    <ClInclude Include="HS_Player.h">
      <Filter>과제\1 vs 1 횡스크롤 슈팅 게임</Filter>
    </ClInclude>
    <ClInclude Include="HS_Player1.h">
      <Filter>과제\1 vs 1 횡스크롤 슈팅 게임</Filter>
    </ClInclude>
    <ClInclude Include="HS_Player2.h">
      <Filter>과제\1 vs 1 횡스크롤 슈팅 게임</Filter>
    </ClInclude>
    <ClInclude Include="FindWrongPaint.h">
      <Filter>과제\틀린그림찾기</Filter>
    </ClInclude>
    <ClInclude Include="FWP_Paint.h">
      <Filter>과제\틀린그림찾기</Filter>
    </ClInclude>
    <ClInclude Include="AnalogClock.h">
      <Filter>과제\아날로그시계</Filter>
    </ClInclude>
    <ClInclude Include="CannonShoot.h">
      <Filter>과제\대포알 발사</Filter>
    </ClInclude>
    <ClInclude Include="CS_Shell.h">
      <Filter>과제\대포알 발사</Filter>
    </ClInclude>
    <ClInclude Include="CS_Cannon.h">
      <Filter>과제\대포알 발사</Filter>
    </ClInclude>
    <ClInclude Include="RotateFigure.h">
      <Filter>과제\도형 회전</Filter>
    </ClInclude>
    <ClInclude Include="GImage.h">
      <Filter>2D FrameWork\GImage</Filter>
    </ClInclude>
    <ClInclude Include="SliceGame.h">
      <Filter>과제\슬라이스 게임</Filter>
    </ClInclude>
    <ClInclude Include="SG_Tile.h">
      <Filter>과제\슬라이스 게임</Filter>
    </ClInclude>
    <ClInclude Include="MakeMinimap.h">
      <Filter>과제\미니맵 만들기</Filter>
    </ClInclude>
    <ClInclude Include="EarthWormGame.h">
      <Filter>과제\지렁이 게임</Filter>
    </ClInclude>
    <ClInclude Include="EWG_EarthWorm.h">
      <Filter>과제\지렁이 게임</Filter>
    </ClInclude>
    <ClInclude Include="ZeroCombo.h">
      <Filter>과제\제로 콤보</Filter>
    </ClInclude>
    <ClInclude Include="FrameImage.h">
      <Filter>과제\프레임 이미지 처리</Filter>
    </ClInclude>
    <ClInclude Include="ImageManager.h">
      <Filter>ManagerClass</Filter>
    </ClInclude>
    <ClInclude Include="Penitent.h">
      <Filter>과제\캐릭터 벽잡기</Filter>
    </ClInclude>
    <ClInclude Include="CTW_BackGround.h">
      <Filter>과제\캐릭터 벽잡기</Filter>
    </ClInclude>
    <ClInclude Include="CTW_Scene.h">
      <Filter>과제\캐릭터 벽잡기</Filter>
    </ClInclude>
  </ItemGroup>
  <ItemGroup>
    <ResourceCompile Include="WinAPI1.rc">
      <Filter>리소스 파일</Filter>
    </ResourceCompile>
  </ItemGroup>
  <ItemGroup>
    <Image Include="apple logo.bmp">
      <Filter>리소스 파일</Filter>
    </Image>
    <Image Include="MyFace.bmp">
      <Filter>리소스 파일</Filter>
    </Image>
    <Image Include="bitmap3.bmp">
      <Filter>리소스 파일</Filter>
    </Image>
    <Image Include="bitmap4.bmp">
      <Filter>리소스 파일</Filter>
    </Image>
    <Image Include="mole.bmp">
      <Filter>리소스 파일</Filter>
    </Image>
  </ItemGroup>
  <ItemGroup>
    <Text Include="TrigonoMetric Function\TrigonoMetric Function.txt">
      <Filter>2D FrameWork\TrigonoMetric Function</Filter>
    </Text>
  </ItemGroup>
</Project>